version = 1
revision = 3
requires-python = ">=3.12"

[[package]]
name = "nexus-rpc"
version = "1.4.0"
source = { registry = "https://pypi.org/simple" }
dependencies = [
    { name = "typing-extensions" },
]
sdist = { url = "https://files.pythonhosted.org/packages/35/d5/cd1ffb202b76ebc1b33c1332a3416e55a39929006982adc2b1eb069aaa9b/nexus_rpc-1.4.0.tar.gz", hash = "sha256:3b8b373d4865671789cc43623e3dc0bcbf192562e40e13727e17f1c149050fba", size = 82367, upload-time = "2026-02-25T22:01:34.053Z" }
wheels = [
    { url = "https://files.pythonhosted.org/packages/11/52/6327a5f4fda01207205038a106a99848a41c83e933cd23ea2cab3d2ebc6c/nexus_rpc-1.4.0-py3-none-any.whl", hash = "sha256:14c953d3519113f8ccec533a9efdb6b10c28afef75d11cdd6d422640c40b3a49", size = 29645, upload-time = "2026-02-25T22:01:33.122Z" },
]

[[package]]
name = "protobuf"
version = "6.33.6"
source = { registry = "https://pypi.org/simple" }
sdist = { url = "https://files.pythonhosted.org/packages/66/70/e908e9c5e52ef7c3a6c7902c9dfbb34c7e29c25d2f81ade3856445fd5c94/protobuf-6.33.6.tar.gz", hash = "sha256:a6768d25248312c297558af96a9f9c929e8c4cee0659cb07e780731095f38135", size = 444531, upload-time = "2026-03-18T19:05:00.988Z" }
wheels = [
    { url = "https://files.pythonhosted.org/packages/fc/9f/2f509339e89cfa6f6a4c4ff50438db9ca488dec341f7e454adad60150b00/protobuf-6.33.6-cp310-abi3-win32.whl", hash = "sha256:7d29d9b65f8afef196f8334e80d6bc1d5d4adedb449971fefd3723824e6e77d3", size = 425739, upload-time = "2026-03-18T19:04:48.373Z" },
    { url = "https://files.pythonhosted.org/packages/76/5d/683efcd4798e0030c1bab27374fd13a89f7c2515fb1f3123efdfaa5eab57/protobuf-6.33.6-cp310-abi3-win_amd64.whl", hash = "sha256:0cd27b587afca21b7cfa59a74dcbd48a50f0a6400cfb59391340ad729d91d326", size = 437089, upload-time = "2026-03-18T19:04:50.381Z" },
    { url = "https://files.pythonhosted.org/packages/5c/01/a3c3ed5cd186f39e7880f8303cc51385a198a81469d53d0fdecf1f64d929/protobuf-6.33.6-cp39-abi3-macosx_10_9_universal2.whl", hash = "sha256:9720e6961b251bde64edfdab7d500725a2af5280f3f4c87e57c0208376aa8c3a", size = 427737, upload-time = "2026-03-18T19:04:51.866Z" },
    { url = "https://files.pythonhosted.org/packages/ee/90/b3c01fdec7d2f627b3a6884243ba328c1217ed2d978def5c12dc50d328a3/protobuf-6.33.6-cp39-abi3-manylinux2014_aarch64.whl", hash = "sha256:e2afbae9b8e1825e3529f88d514754e094278bb95eadc0e199751cdd9a2e82a2", size = 324610, upload-time = "2026-03-18T19:04:53.096Z" },
    { url = "https://files.pythonhosted.org/packages/9b/ca/25afc144934014700c52e05103c2421997482d561f3101ff352e1292fb81/protobuf-6.33.6-cp39-abi3-manylinux2014_s390x.whl", hash = "sha256:c96c37eec15086b79762ed265d59ab204dabc53056e3443e702d2681f4b39ce3", size = 339381, upload-time = "2026-03-18T19:04:54.616Z" },
    { url = "https://files.pythonhosted.org/packages/16/92/d1e32e3e0d894fe00b15ce28ad4944ab692713f2e7f0a99787405e43533a/protobuf-6.33.6-cp39-abi3-manylinux2014_x86_64.whl", hash = "sha256:e9db7e292e0ab79dd108d7f1a94fe31601ce1ee3f7b79e0692043423020b0593", size = 323436, upload-time = "2026-03-18T19:04:55.768Z" },
    { url = "https://files.pythonhosted.org/packages/c4/72/02445137af02769918a93807b2b7890047c32bfb9f90371cbc12688819eb/protobuf-6.33.6-py3-none-any.whl", hash = "sha256:77179e006c476e69bf8e8ce866640091ec42e1beb80b213c3900006ecfba6901", size = 170656, upload-time = "2026-03-18T19:04:59.826Z" },
]

[[package]]
name = "temporalio"
version = "1.25.0"
source = { registry = "https://pypi.org/simple" }
dependencies = [
    { name = "nexus-rpc" },
    { name = "protobuf" },
    { name = "types-protobuf" },
    { name = "typing-extensions" },
]
sdist = { url = "https://files.pythonhosted.org/packages/de/9c/3782bab0bf11a40b550147c19a5d1a476c17405391751982408902d9f138/temporalio-1.25.0.tar.gz", hash = "sha256:a3bbec1dcc904f674402cfa4faae480fda490b1c53ea5440c1f1996c562016fb", size = 2152534, upload-time = "2026-04-08T18:53:55.388Z" }
wheels = [
    { url = "https://files.pythonhosted.org/packages/19/e3/5676dd10d1164b6d6ca8752314054097b89c5da931e936af402a7b15236c/temporalio-1.25.0-cp310-abi3-macosx_10_12_x86_64.whl", hash = "sha256:6dc1bc8e1773b1a833d86a7ede2dd90ef4e031ced5b748b59e7f09a5bf9b327d", size = 13943906, upload-time = "2026-04-08T18:53:30.022Z" },
    { url = "https://files.pythonhosted.org/packages/89/50/7cbf7f845973be986ec165348f72f7a409750842a04d554965a39be5cb4f/temporalio-1.25.0-cp310-abi3-macosx_11_0_arm64.whl", hash = "sha256:3c8fdcf79ea5ae8ae2cf6f48072e4a86c3e0f4778f6a8a066c6ff1d336587db4", size = 13298719, upload-time = "2026-04-08T18:53:35.95Z" },
    { url = "https://files.pythonhosted.org/packages/d2/31/d474bab8535552add6ed289911bf1ffae5d7071823ece1069842190fcaed/temporalio-1.25.0-cp310-abi3-manylinux_2_17_aarch64.manylinux2014_aarch64.whl", hash = "sha256:141f37aaafd7d090ba5c8776e4e9bc60df1fbc64b9f50c8f00e905a436588ddc", size = 13555435, upload-time = "2026-04-08T18:53:41.36Z" },
    { url = "https://files.pythonhosted.org/packages/2a/c8/e7dc053d6107bf2a037a3c9fe7b86639a25dcb888bde0e1ca366901ee47f/temporalio-1.25.0-cp310-abi3-manylinux_2_17_x86_64.manylinux2014_x86_64.whl", hash = "sha256:ff7ca5bb80264976477d4dc7a839b3d22af8577ae92306526a061481db49bf92", size = 14052050, upload-time = "2026-04-08T18:53:46.44Z" },
    { url = "https://files.pythonhosted.org/packages/08/70/9340ed3a578321cbc153041d34834bb1ec3f1f3e3d9cded47cd1b7c3e403/temporalio-1.25.0-cp310-abi3-win_amd64.whl", hash = "sha256:9411534279a2e64847231b6059c214bff4d57cfd1532bd09f333d0b1603daa7f", size = 14299684, upload-time = "2026-04-08T18:53:52.482Z" },
]

[[package]]
name = "trip-booking-app"
version = "0.1.0"
source = { virtual = "." }
dependencies = [
    { name = "temporalio" },
]

[package.metadata]
requires-dist = [{ name = "temporalio", specifier = ">=1.25.0" }]

[[package]]
name = "types-protobuf"
version = "6.32.1.20260221"
source = { registry = "https://pypi.org/simple" }
sdist = { url = "https://files.pythonhosted.org/packages/5f/e2/9aa4a3b2469508bd7b4e2ae11cbedaf419222a09a1b94daffcd5efca4023/types_protobuf-6.32.1.20260221.tar.gz", hash = "sha256:6d5fb060a616bfb076cbb61b4b3c3969f5fc8bec5810f9a2f7e648ee5cbcbf6e", size = 64408, upload-time = "2026-02-21T03:55:13.916Z" }
wheels = [
    { url = "https://files.pythonhosted.org/packages/2e/e8/1fd38926f9cf031188fbc5a96694203ea6f24b0e34bd64a225ec6f6291ba/types_protobuf-6.32.1.20260221-py3-none-any.whl", hash = "sha256:da7cdd947975964a93c30bfbcc2c6841ee646b318d3816b033adc2c4eb6448e4", size = 77956, upload-time = "2026-02-21T03:55:12.894Z" },
]

[[package]]
name = "typing-extensions"
version = "4.15.0"
source = { registry = "https://pypi.org/simple" }
sdist = { url = "https://files.pythonhosted.org/packages/72/94/1a15dd82efb362ac84269196e94cf00f187f7ed21c242792a923cdb1c61f/typing_extensions-4.15.0.tar.gz", hash = "sha256:0cea48d173cc12fa28ecabc3b837ea3cf6f38c6d1136f85cbaaf598984861466", size = 109391, upload-time = "2025-08-25T13:49:26.313Z" }
wheels = [
    { url = "https://files.pythonhosted.org/packages/18/67/36e9267722cc04a6b9f15c7f3441c2363321a3ea07da7ae0c0707beb2a9c/typing_extensions-4.15.0-py3-none-any.whl", hash = "sha256:f0fa19c6845758ab08074a0cfa8b7aecb71c999ca73d62883bc25cc018c4e548", size = 44614, upload-time = "2025-08-25T13:49:24.86Z" },
]
